
Microsoft Visual Studio Solution File, Format Version 12.00
# Visual Studio Version 16
VisualStudioVersion = 16.0.32413.511
MinimumVisualStudioVersion = 10.0.40219.1
Project("{FAE04EC0-301F-11D3-BF4B-00C04F79EFBC}") = "DoubleTapMobile.Android", "DoubleTapMobile.Android\DoubleTapMobile.Android.csproj", "{70480388-ECFF-4970-86F0-ADA09ACE0CDD}"
EndProject
Project("{FAE04EC0-301F-11D3-BF4B-00C04F79EFBC}") = "DoubleTapMobile.iOS", "DoubleTapMobile.iOS\DoubleTapMobile.iOS.csproj", "{9FE6375D-C297-4BBA-BF48-CADBAE5779A8}"
EndProject
Project("{FAE04EC0-301F-11D3-BF4B-00C04F79EFBC}") = "DoubleTapMobile", "DoubleTapMobile\DoubleTapMobile.csproj", "{A3FC5F77-8DA0-40D6-B142-9ED8D0B1E6F1}"
EndProject
Global
	GlobalSection(SolutionConfigurationPlatforms) = preSolution
		Debug|Any CPU = Debug|Any CPU
		Debug|iPhone = Debug|iPhone
		Debug|iPhoneSimulator = Debug|iPhoneSimulator
		Release|Any CPU = Release|Any CPU
		Release|iPhone = Release|iPhone
		Release|iPhoneSimulator = Release|iPhoneSimulator
	EndGlobalSection
	GlobalSection(ProjectConfigurationPlatforms) = postSolution
		{70480388-ECFF-4970-86F0-ADA09ACE0CDD}.Debug|Any CPU.ActiveCfg = Debug|Any CPU
		{70480388-ECFF-4970-86F0-ADA09ACE0CDD}.Debug|Any CPU.Build.0 = Debug|Any CPU
		{70480388-ECFF-4970-86F0-ADA09ACE0CDD}.Debug|Any CPU.Deploy.0 = Debug|Any CPU
		{70480388-ECFF-4970-86F0-ADA09ACE0CDD}.Debug|iPhone.ActiveCfg = Debug|Any CPU
		{70480388-ECFF-4970-86F0-ADA09ACE0CDD}.Debug|iPhone.Build.0 = Debug|Any CPU
		{70480388-ECFF-4970-86F0-ADA09ACE0CDD}.Debug|iPhone.Deploy.0 = Debug|Any CPU
		{70480388-ECFF-4970-86F0-ADA09ACE0CDD}.Debug|iPhoneSimulator.ActiveCfg = Debug|Any CPU
		{70480388-ECFF-4970-86F0-ADA09ACE0CDD}.Debug|iPhoneSimulator.Build.0 = Debug|Any CPU
		{70480388-ECFF-4970-86F0-ADA09ACE0CDD}.Debug|iPhoneSimulator.Deploy.0 = Debug|Any CPU
		{70480388-ECFF-4970-86F0-ADA09ACE0CDD}.Release|Any CPU.ActiveCfg = Release|Any CPU
		{70480388-ECFF-4970-86F0-ADA09ACE0CDD}.Release|Any CPU.Build.0 = Release|Any CPU
		{70480388-ECFF-4970-86F0-ADA09ACE0CDD}.Release|Any CPU.Deploy.0 = Release|Any CPU
		{70480388-ECFF-4970-86F0-ADA09ACE0CDD}.Release|iPhone.ActiveCfg = Release|Any CPU
		{70480388-ECFF-4970-86F0-ADA09ACE0CDD}.Release|iPhone.Build.0 = Release|Any CPU
		{70480388-ECFF-4970-86F0-ADA09ACE0CDD}.Release|iPhone.Deploy.0 = Release|Any CPU
		{70480388-ECFF-4970-86F0-ADA09ACE0CDD}.Release|iPhoneSimulator.ActiveCfg = Release|Any CPU
		{70480388-ECFF-4970-86F0-ADA09ACE0CDD}.Release|iPhoneSimulator.Build.0 = Release|Any CPU
		{70480388-ECFF-4970-86F0-ADA09ACE0CDD}.Release|iPhoneSimulator.Deploy.0 = Release|Any CPU
		{9FE6375D-C297-4BBA-BF48-CADBAE5779A8}.Debug|Any CPU.ActiveCfg = Debug|iPhone
		{9FE6375D-C297-4BBA-BF48-CADBAE5779A8}.Debug|Any CPU.Build.0 = Debug|iPhone
		{9FE6375D-C297-4BBA-BF48-CADBAE5779A8}.Debug|Any CPU.Deploy.0 = Debug|iPhone
		{9FE6375D-C297-4BBA-BF48-CADBAE5779A8}.Debug|iPhone.ActiveCfg = Debug|iPhone
		{9FE6375D-C297-4BBA-BF48-CADBAE5779A8}.Debug|iPhone.Build.0 = Debug|iPhone
		{9FE6375D-C297-4BBA-BF48-CADBAE5779A8}.Debug|iPhone.Deploy.0 = Debug|iPhone
		{9FE6375D-C297-4BBA-BF48-CADBAE5779A8}.Debug|iPhoneSimulator.ActiveCfg = Debug|iPhoneSimulator
		{9FE6375D-C297-4BBA-BF48-CADBAE5779A8}.Debug|iPhoneSimulator.Build.0 = Debug|iPhoneSimulator
		{9FE6375D-C297-4BBA-BF48-CADBAE5779A8}.Debug|iPhoneSimulator.Deploy.0 = Debug|iPhoneSimulator
		{9FE6375D-C297-4BBA-BF48-CADBAE5779A8}.Release|Any CPU.ActiveCfg = Release|iPhoneSimulator
		{9FE6375D-C297-4BBA-BF48-CADBAE5779A8}.Release|Any CPU.Build.0 = Release|iPhoneSimulator
		{9FE6375D-C297-4BBA-BF48-CADBAE5779A8}.Release|Any CPU.Deploy.0 = Release|iPhoneSimulator
		{9FE6375D-C297-4BBA-BF48-CADBAE5779A8}.Release|iPhone.ActiveCfg = Release|iPhone
		{9FE6375D-C297-4BBA-BF48-CADBAE5779A8}.Release|iPhone.Build.0 = Release|iPhone
		{9FE6375D-C297-4BBA-BF48-CADBAE5779A8}.Release|iPhone.Deploy.0 = Release|iPhone
		{9FE6375D-C297-4BBA-BF48-CADBAE5779A8}.Release|iPhoneSimulator.ActiveCfg = Release|iPhoneSimulator
		{9FE6375D-C297-4BBA-BF48-CADBAE5779A8}.Release|iPhoneSimulator.Build.0 = Release|iPhoneSimulator
		{9FE6375D-C297-4BBA-BF48-CADBAE5779A8}.Release|iPhoneSimulator.Deploy.0 = Release|iPhoneSimulator
		{A3FC5F77-8DA0-40D6-B142-9ED8D0B1E6F1}.Debug|Any CPU.ActiveCfg = Debug|Any CPU
		{A3FC5F77-8DA0-40D6-B142-9ED8D0B1E6F1}.Debug|Any CPU.Build.0 = Debug|Any CPU
		{A3FC5F77-8DA0-40D6-B142-9ED8D0B1E6F1}.Debug|Any CPU.Deploy.0 = Debug|Any CPU
		{A3FC5F77-8DA0-40D6-B142-9ED8D0B1E6F1}.Debug|iPhone.ActiveCfg = Debug|Any CPU
		{A3FC5F77-8DA0-40D6-B142-9ED8D0B1E6F1}.Debug|iPhone.Build.0 = Debug|Any CPU
		{A3FC5F77-8DA0-40D6-B142-9ED8D0B1E6F1}.Debug|iPhone.Deploy.0 = Debug|Any CPU
		{A3FC5F77-8DA0-40D6-B142-9ED8D0B1E6F1}.Debug|iPhoneSimulator.ActiveCfg = Debug|Any CPU
		{A3FC5F77-8DA0-40D6-B142-9ED8D0B1E6F1}.Debug|iPhoneSimulator.Build.0 = Debug|Any CPU
		{A3FC5F77-8DA0-40D6-B142-9ED8D0B1E6F1}.Debug|iPhoneSimulator.Deploy.0 = Debug|Any CPU
		{A3FC5F77-8DA0-40D6-B142-9ED8D0B1E6F1}.Release|Any CPU.ActiveCfg = Release|Any CPU
		{A3FC5F77-8DA0-40D6-B142-9ED8D0B1E6F1}.Release|Any CPU.Build.0 = Release|Any CPU
		{A3FC5F77-8DA0-40D6-B142-9ED8D0B1E6F1}.Release|Any CPU.Deploy.0 = Release|Any CPU
		{A3FC5F77-8DA0-40D6-B142-9ED8D0B1E6F1}.Release|iPhone.ActiveCfg = Release|Any CPU
		{A3FC5F77-8DA0-40D6-B142-9ED8D0B1E6F1}.Release|iPhone.Build.0 = Release|Any CPU
		{A3FC5F77-8DA0-40D6-B142-9ED8D0B1E6F1}.Release|iPhone.Deploy.0 = Release|Any CPU
		{A3FC5F77-8DA0-40D6-B142-9ED8D0B1E6F1}.Release|iPhoneSimulator.ActiveCfg = Release|Any CPU
		{A3FC5F77-8DA0-40D6-B142-9ED8D0B1E6F1}.Release|iPhoneSimulator.Build.0 = Release|Any CPU
		{A3FC5F77-8DA0-40D6-B142-9ED8D0B1E6F1}.Release|iPhoneSimulator.Deploy.0 = Release|Any CPU
	EndGlobalSection
	GlobalSection(SolutionProperties) = preSolution
		HideSolutionNode = FALSE
	EndGlobalSection
	GlobalSection(ExtensibilityGlobals) = postSolution
		SolutionGuid = {4A97EF6A-1B31-43C3-91C5-C55276FC17B7}
	EndGlobalSection
EndGlobal
